// !$*UTF8*$!
{
	archiveVersion = 1;
	classes = {
	};
	objectVersion = 56;
	objects = {

/* Begin PBXBuildFile section */
		3711F2332C9039540010A51F /* APIUtils.swift in Sources */ = {isa = PBXBuildFile; fileRef = 3711F2322C9039540010A51F /* APIUtils.swift */; };
		3711F23B2C9042450010A51F /* BaseAPI.swift in Sources */ = {isa = PBXBuildFile; fileRef = 3711F23A2C9042450010A51F /* BaseAPI.swift */; };
		3711F23D2C9046BD0010A51F /* SvitloBotAPI.swift in Sources */ = {isa = PBXBuildFile; fileRef = 3711F23C2C9046BD0010A51F /* SvitloBotAPI.swift */; };
		37599CBB2C937B2A00773C28 /* Localizable.xcstrings in Resources */ = {isa = PBXBuildFile; fileRef = 37599CBA2C937B2A00773C28 /* Localizable.xcstrings */; };
		37599CBE2C937BAB00773C28 /* String+Extra.swift in Sources */ = {isa = PBXBuildFile; fileRef = 37599CBD2C937BAB00773C28 /* String+Extra.swift */; };
		3790E6A12C83649200B79923 /* SvitloBotApp.swift in Sources */ = {isa = PBXBuildFile; fileRef = 3790E6A02C83649200B79923 /* SvitloBotApp.swift */; };
		3790E6AA2C83649500B79923 /* Persistence.swift in Sources */ = {isa = PBXBuildFile; fileRef = 3790E6A92C83649500B79923 /* Persistence.swift */; };
		3790E6AD2C83649500B79923 /* SvitloBot.xcdatamodeld in Sources */ = {isa = PBXBuildFile; fileRef = 3790E6AB2C83649500B79923 /* SvitloBot.xcdatamodeld */; };
		37FFDB3A2C948CE00063342C /* Assets.xcassets in Resources */ = {isa = PBXBuildFile; fileRef = 37FFDB392C948CE00063342C /* Assets.xcassets */; };
		37FFDB602C948E6D0063342C /* ContentView.swift in Sources */ = {isa = PBXBuildFile; fileRef = 37FFDB5C2C948E690063342C /* ContentView.swift */; };
		37FFDB612C948E6D0063342C /* IconView.swift in Sources */ = {isa = PBXBuildFile; fileRef = 37FFDB5D2C948E6A0063342C /* IconView.swift */; };
		37FFDB622C948E6D0063342C /* ContentViewModel.swift in Sources */ = {isa = PBXBuildFile; fileRef = 37FFDB5E2C948E6B0063342C /* ContentViewModel.swift */; };
		37FFDB632C948E6D0063342C /* LogsView.swift in Sources */ = {isa = PBXBuildFile; fileRef = 37FFDB5F2C948E6D0063342C /* LogsView.swift */; };
/* End PBXBuildFile section */

/* Begin PBXFileReference section */
		3711F2322C9039540010A51F /* APIUtils.swift */ = {isa = PBXFileReference; lastKnownFileType = sourcecode.swift; path = APIUtils.swift; sourceTree = "<group>"; };
		3711F23A2C9042450010A51F /* BaseAPI.swift */ = {isa = PBXFileReference; lastKnownFileType = sourcecode.swift; path = BaseAPI.swift; sourceTree = "<group>"; };
		3711F23C2C9046BD0010A51F /* SvitloBotAPI.swift */ = {isa = PBXFileReference; lastKnownFileType = sourcecode.swift; path = SvitloBotAPI.swift; sourceTree = "<group>"; };
		3711F2402C90510E0010A51F /* Info.plist */ = {isa = PBXFileReference; lastKnownFileType = text.plist.xml; path = Info.plist; sourceTree = "<group>"; };
		37599CBA2C937B2A00773C28 /* Localizable.xcstrings */ = {isa = PBXFileReference; lastKnownFileType = text.json.xcstrings; path = Localizable.xcstrings; sourceTree = "<group>"; };
		37599CBD2C937BAB00773C28 /* String+Extra.swift */ = {isa = PBXFileReference; lastKnownFileType = sourcecode.swift; path = "String+Extra.swift"; sourceTree = "<group>"; };
		3790E69D2C83649200B79923 /* SvitloBot.app */ = {isa = PBXFileReference; explicitFileType = wrapper.application; includeInIndex = 0; path = SvitloBot.app; sourceTree = BUILT_PRODUCTS_DIR; };
		3790E6A02C83649200B79923 /* SvitloBotApp.swift */ = {isa = PBXFileReference; lastKnownFileType = sourcecode.swift; path = SvitloBotApp.swift; sourceTree = "<group>"; };
		3790E6A92C83649500B79923 /* Persistence.swift */ = {isa = PBXFileReference; lastKnownFileType = sourcecode.swift; path = Persistence.swift; sourceTree = "<group>"; };
		3790E6AC2C83649500B79923 /* SvitloBot.xcdatamodel */ = {isa = PBXFileReference; lastKnownFileType = wrapper.xcdatamodel; path = SvitloBot.xcdatamodel; sourceTree = "<group>"; };
		37FFDB372C948A6C0063342C /* README.md */ = {isa = PBXFileReference; lastKnownFileType = net.daringfireball.markdown; path = README.md; sourceTree = "<group>"; };
		37FFDB382C948BFB0063342C /* LICENSE */ = {isa = PBXFileReference; lastKnownFileType = text; path = LICENSE; sourceTree = "<group>"; };
		37FFDB392C948CE00063342C /* Assets.xcassets */ = {isa = PBXFileReference; lastKnownFileType = folder.assetcatalog; path = Assets.xcassets; sourceTree = "<group>"; };
		37FFDB5C2C948E690063342C /* ContentView.swift */ = {isa = PBXFileReference; fileEncoding = 4; lastKnownFileType = sourcecode.swift; path = ContentView.swift; sourceTree = "<group>"; };
		37FFDB5D2C948E6A0063342C /* IconView.swift */ = {isa = PBXFileReference; fileEncoding = 4; lastKnownFileType = sourcecode.swift; path = IconView.swift; sourceTree = "<group>"; };
		37FFDB5E2C948E6B0063342C /* ContentViewModel.swift */ = {isa = PBXFileReference; fileEncoding = 4; lastKnownFileType = sourcecode.swift; path = ContentViewModel.swift; sourceTree = "<group>"; };
		37FFDB5F2C948E6D0063342C /* LogsView.swift */ = {isa = PBXFileReference; fileEncoding = 4; lastKnownFileType = sourcecode.swift; path = LogsView.swift; sourceTree = "<group>"; };
/* End PBXFileReference section */

/* Begin PBXFrameworksBuildPhase section */
		3790E69A2C83649200B79923 /* Frameworks */ = {
			isa = PBXFrameworksBuildPhase;
			buildActionMask = 2147483647;
			files = (
			);
			runOnlyForDeploymentPostprocessing = 0;
		};
/* End PBXFrameworksBuildPhase section */

/* Begin PBXGroup section */
		3711F2312C90392D0010A51F /* api */ = {
			isa = PBXGroup;
			children = (
				3711F2322C9039540010A51F /* APIUtils.swift */,
				3711F23A2C9042450010A51F /* BaseAPI.swift */,
				3711F23C2C9046BD0010A51F /* SvitloBotAPI.swift */,
			);
			path = api;
			sourceTree = "<group>";
		};
		3711F2452C905AD80010A51F /* storage */ = {
			isa = PBXGroup;
			children = (
				3790E6AB2C83649500B79923 /* SvitloBot.xcdatamodeld */,
				3790E6A92C83649500B79923 /* Persistence.swift */,
			);
			path = storage;
			sourceTree = "<group>";
		};
		37599CB92C936C7D00773C28 /* Resources */ = {
			isa = PBXGroup;
			children = (
				37FFDB392C948CE00063342C /* Assets.xcassets */,
				37599CBA2C937B2A00773C28 /* Localizable.xcstrings */,
			);
			path = Resources;
			sourceTree = "<group>";
		};
		37599CBC2C937B9500773C28 /* extra */ = {
			isa = PBXGroup;
			children = (
				37599CBD2C937BAB00773C28 /* String+Extra.swift */,
			);
			path = extra;
			sourceTree = "<group>";
		};
		3790E6942C83649200B79923 = {
			isa = PBXGroup;
			children = (
				3790E69F2C83649200B79923 /* SvitloBot */,
				37FFDB372C948A6C0063342C /* README.md */,
				37FFDB382C948BFB0063342C /* LICENSE */,
				3790E69E2C83649200B79923 /* Products */,
			);
			sourceTree = "<group>";
		};
		3790E69E2C83649200B79923 /* Products */ = {
			isa = PBXGroup;
			children = (
				3790E69D2C83649200B79923 /* SvitloBot.app */,
			);
			name = Products;
			sourceTree = "<group>";
		};
		3790E69F2C83649200B79923 /* SvitloBot */ = {
			isa = PBXGroup;
			children = (
				3711F2312C90392D0010A51F /* api */,
				37599CBC2C937B9500773C28 /* extra */,
				37599CB92C936C7D00773C28 /* Resources */,
				3711F2452C905AD80010A51F /* storage */,
				37FFDB5B2C948E490063342C /* views */,
				3790E6A02C83649200B79923 /* SvitloBotApp.swift */,
				3711F2402C90510E0010A51F /* Info.plist */,
			);
			path = SvitloBot;
			sourceTree = "<group>";
		};
		37FFDB5B2C948E490063342C /* views */ = {
			isa = PBXGroup;
			children = (
				37FFDB5C2C948E690063342C /* ContentView.swift */,
				37FFDB5E2C948E6B0063342C /* ContentViewModel.swift */,
				37FFDB5D2C948E6A0063342C /* IconView.swift */,
				37FFDB5F2C948E6D0063342C /* LogsView.swift */,
			);
			path = views;
			sourceTree = "<group>";
		};
/* End PBXGroup section */

/* Begin PBXNativeTarget section */
		3790E69C2C83649200B79923 /* SvitloBot */ = {
			isa = PBXNativeTarget;
			buildConfigurationList = 3790E6B02C83649500B79923 /* Build configuration list for PBXNativeTarget "SvitloBot" */;
			buildPhases = (
				3790E6992C83649200B79923 /* Sources */,
				3790E69A2C83649200B79923 /* Frameworks */,
				3790E69B2C83649200B79923 /* Resources */,
			);
			buildRules = (
			);
			dependencies = (
			);
			name = SvitloBot;
			productName = SvitloBot;
			productReference = 3790E69D2C83649200B79923 /* SvitloBot.app */;
			productType = "com.apple.product-type.application";
		};
/* End PBXNativeTarget section */

/* Begin PBXProject section */
		3790E6952C83649200B79923 /* Project object */ = {
			isa = PBXProject;
			attributes = {
				BuildIndependentTargetsInParallel = 1;
				LastSwiftUpdateCheck = 1520;
				LastUpgradeCheck = 1520;
				TargetAttributes = {
					3790E69C2C83649200B79923 = {
						CreatedOnToolsVersion = 15.2;
					};
				};
			};
			buildConfigurationList = 3790E6982C83649200B79923 /* Build configuration list for PBXProject "SvitloBot" */;
			compatibilityVersion = "Xcode 14.0";
			developmentRegion = uk;
			hasScannedForEncodings = 0;
			knownRegions = (
				Base,
				uk,
			);
			mainGroup = 3790E6942C83649200B79923;
			productRefGroup = 3790E69E2C83649200B79923 /* Products */;
			projectDirPath = "";
			projectRoot = "";
			targets = (
				3790E69C2C83649200B79923 /* SvitloBot */,
			);
		};
/* End PBXProject section */

/* Begin PBXResourcesBuildPhase section */
		3790E69B2C83649200B79923 /* Resources */ = {
			isa = PBXResourcesBuildPhase;
			buildActionMask = 2147483647;
			files = (
				37599CBB2C937B2A00773C28 /* Localizable.xcstrings in Resources */,
				37FFDB3A2C948CE00063342C /* Assets.xcassets in Resources */,
			);
			runOnlyForDeploymentPostprocessing = 0;
		};
/* End PBXResourcesBuildPhase section */

/* Begin PBXSourcesBuildPhase section */
		3790E6992C83649200B79923 /* Sources */ = {
			isa = PBXSourcesBuildPhase;
			buildActionMask = 2147483647;
			files = (
				3790E6AD2C83649500B79923 /* SvitloBot.xcdatamodeld in Sources */,
				3790E6AA2C83649500B79923 /* Persistence.swift in Sources */,
				37FFDB602C948E6D0063342C /* ContentView.swift in Sources */,
				3711F23B2C9042450010A51F /* BaseAPI.swift in Sources */,
				37FFDB622C948E6D0063342C /* ContentViewModel.swift in Sources */,
				37FFDB612C948E6D0063342C /* IconView.swift in Sources */,
				3711F23D2C9046BD0010A51F /* SvitloBotAPI.swift in Sources */,
				3711F2332C9039540010A51F /* APIUtils.swift in Sources */,
				37FFDB632C948E6D0063342C /* LogsView.swift in Sources */,
				3790E6A12C83649200B79923 /* SvitloBotApp.swift in Sources */,
				37599CBE2C937BAB00773C28 /* String+Extra.swift in Sources */,
			);
			runOnlyForDeploymentPostprocessing = 0;
		};
/* End PBXSourcesBuildPhase section */

/* Begin XCBuildConfiguration section */
		3790E6AE2C83649500B79923 /* Debug */ = {
			isa = XCBuildConfiguration;
			buildSettings = {
				ALWAYS_SEARCH_USER_PATHS = NO;
				ASSETCATALOG_COMPILER_GENERATE_SWIFT_ASSET_SYMBOL_EXTENSIONS = YES;
				CLANG_ANALYZER_NONNULL = YES;
				CLANG_ANALYZER_NUMBER_OBJECT_CONVERSION = YES_AGGRESSIVE;
				CLANG_CXX_LANGUAGE_STANDARD = "gnu++20";
				CLANG_ENABLE_MODULES = YES;
				CLANG_ENABLE_OBJC_ARC = YES;
				CLANG_ENABLE_OBJC_WEAK = YES;
				CLANG_WARN_BLOCK_CAPTURE_AUTORELEASING = YES;
				CLANG_WARN_BOOL_CONVERSION = YES;
				CLANG_WARN_COMMA = YES;
				CLANG_WARN_CONSTANT_CONVERSION = YES;
				CLANG_WARN_DEPRECATED_OBJC_IMPLEMENTATIONS = YES;
				CLANG_WARN_DIRECT_OBJC_ISA_USAGE = YES_ERROR;
				CLANG_WARN_DOCUMENTATION_COMMENTS = YES;
				CLANG_WARN_EMPTY_BODY = YES;
				CLANG_WARN_ENUM_CONVERSION = YES;
				CLANG_WARN_INFINITE_RECURSION = YES;
				CLANG_WARN_INT_CONVERSION = YES;
				CLANG_WARN_NON_LITERAL_NULL_CONVERSION = YES;
				CLANG_WARN_OBJC_IMPLICIT_RETAIN_SELF = YES;
				CLANG_WARN_OBJC_LITERAL_CONVERSION = YES;
				CLANG_WARN_OBJC_ROOT_CLASS = YES_ERROR;
				CLANG_WARN_QUOTED_INCLUDE_IN_FRAMEWORK_HEADER = YES;
				CLANG_WARN_RANGE_LOOP_ANALYSIS = YES;
				CLANG_WARN_STRICT_PROTOTYPES = YES;
				CLANG_WARN_SUSPICIOUS_MOVE = YES;
				CLANG_WARN_UNGUARDED_AVAILABILITY = YES_AGGRESSIVE;
				CLANG_WARN_UNREACHABLE_CODE = YES;
				CLANG_WARN__DUPLICATE_METHOD_MATCH = YES;
				COPY_PHASE_STRIP = NO;
				DEBUG_INFORMATION_FORMAT = dwarf;
				ENABLE_STRICT_OBJC_MSGSEND = YES;
				ENABLE_TESTABILITY = YES;
				ENABLE_USER_SCRIPT_SANDBOXING = YES;
				GCC_C_LANGUAGE_STANDARD = gnu17;
				GCC_DYNAMIC_NO_PIC = NO;
				GCC_NO_COMMON_BLOCKS = YES;
				GCC_OPTIMIZATION_LEVEL = 0;
				GCC_PREPROCESSOR_DEFINITIONS = (
					"DEBUG=1",
					"$(inherited)",
				);
				GCC_WARN_64_TO_32_BIT_CONVERSION = YES;
				GCC_WARN_ABOUT_RETURN_TYPE = YES_ERROR;
				GCC_WARN_UNDECLARED_SELECTOR = YES;
				GCC_WARN_UNINITIALIZED_AUTOS = YES_AGGRESSIVE;
				GCC_WARN_UNUSED_FUNCTION = YES;
				GCC_WARN_UNUSED_VARIABLE = YES;
				IPHONEOS_DEPLOYMENT_TARGET = 14.0;
				LOCALIZATION_PREFERS_STRING_CATALOGS = YES;
				MTL_ENABLE_DEBUG_INFO = INCLUDE_SOURCE;
				MTL_FAST_MATH = YES;
				ONLY_ACTIVE_ARCH = YES;
				SDKROOT = iphoneos;
				SWIFT_ACTIVE_COMPILATION_CONDITIONS = "DEBUG $(inherited)";
				SWIFT_OPTIMIZATION_LEVEL = "-Onone";
			};
			name = Debug;
		};
		3790E6AF2C83649500B79923 /* Release */ = {
			isa = XCBuildConfiguration;
			buildSettings = {
				ALWAYS_SEARCH_USER_PATHS = NO;
				ASSETCATALOG_COMPILER_GENERATE_SWIFT_ASSET_SYMBOL_EXTENSIONS = YES;
				CLANG_ANALYZER_NONNULL = YES;
				CLANG_ANALYZER_NUMBER_OBJECT_CONVERSION = YES_AGGRESSIVE;
				CLANG_CXX_LANGUAGE_STANDARD = "gnu++20";
				CLANG_ENABLE_MODULES = YES;
				CLANG_ENABLE_OBJC_ARC = YES;
				CLANG_ENABLE_OBJC_WEAK = YES;
				CLANG_WARN_BLOCK_CAPTURE_AUTORELEASING = YES;
				CLANG_WARN_BOOL_CONVERSION = YES;
				CLANG_WARN_COMMA = YES;
				CLANG_WARN_CONSTANT_CONVERSION = YES;
				CLANG_WARN_DEPRECATED_OBJC_IMPLEMENTATIONS = YES;
				CLANG_WARN_DIRECT_OBJC_ISA_USAGE = YES_ERROR;
				CLANG_WARN_DOCUMENTATION_COMMENTS = YES;
				CLANG_WARN_EMPTY_BODY = YES;
				CLANG_WARN_ENUM_CONVERSION = YES;
				CLANG_WARN_INFINITE_RECURSION = YES;
				CLANG_WARN_INT_CONVERSION = YES;
				CLANG_WARN_NON_LITERAL_NULL_CONVERSION = YES;
				CLANG_WARN_OBJC_IMPLICIT_RETAIN_SELF = YES;
				CLANG_WARN_OBJC_LITERAL_CONVERSION = YES;
				CLANG_WARN_OBJC_ROOT_CLASS = YES_ERROR;
				CLANG_WARN_QUOTED_INCLUDE_IN_FRAMEWORK_HEADER = YES;
				CLANG_WARN_RANGE_LOOP_ANALYSIS = YES;
				CLANG_WARN_STRICT_PROTOTYPES = YES;
				CLANG_WARN_SUSPICIOUS_MOVE = YES;
				CLANG_WARN_UNGUARDED_AVAILABILITY = YES_AGGRESSIVE;
				CLANG_WARN_UNREACHABLE_CODE = YES;
				CLANG_WARN__DUPLICATE_METHOD_MATCH = YES;
				COPY_PHASE_STRIP = NO;
				DEBUG_INFORMATION_FORMAT = "dwarf-with-dsym";
				ENABLE_NS_ASSERTIONS = NO;
				ENABLE_STRICT_OBJC_MSGSEND = YES;
				ENABLE_USER_SCRIPT_SANDBOXING = YES;
				GCC_C_LANGUAGE_STANDARD = gnu17;
				GCC_NO_COMMON_BLOCKS = YES;
				GCC_WARN_64_TO_32_BIT_CONVERSION = YES;
				GCC_WARN_ABOUT_RETURN_TYPE = YES_ERROR;
				GCC_WARN_UNDECLARED_SELECTOR = YES;
				GCC_WARN_UNINITIALIZED_AUTOS = YES_AGGRESSIVE;
				GCC_WARN_UNUSED_FUNCTION = YES;
				GCC_WARN_UNUSED_VARIABLE = YES;
				IPHONEOS_DEPLOYMENT_TARGET = 14.0;
				LOCALIZATION_PREFERS_STRING_CATALOGS = YES;
				MTL_ENABLE_DEBUG_INFO = NO;
				MTL_FAST_MATH = YES;
				SDKROOT = iphoneos;
				SWIFT_COMPILATION_MODE = wholemodule;
				VALIDATE_PRODUCT = YES;
			};
			name = Release;
		};
		3790E6B12C83649500B79923 /* Debug */ = {
			isa = XCBuildConfiguration;
			buildSettings = {
				API_BASE_URL = "https://api.svitlobot.in.ua";
				ASSETCATALOG_COMPILER_APPICON_NAME = AppIcon;
				ASSETCATALOG_COMPILER_GLOBAL_ACCENT_COLOR_NAME = AccentColor;
				CODE_SIGN_STYLE = Automatic;
				CURRENT_PROJECT_VERSION = 1;
				DEVELOPMENT_ASSET_PATHS = "";
				DEVELOPMENT_TEAM = "";
				ENABLE_PREVIEWS = YES;
				GENERATE_INFOPLIST_FILE = YES;
				INFOPLIST_FILE = SvitloBot/Info.plist;
				INFOPLIST_KEY_CFBundleDisplayName = "СвітлоБот";
				INFOPLIST_KEY_LSApplicationCategoryType = "public.app-category.utilities";
				INFOPLIST_KEY_UIApplicationSceneManifest_Generation = YES;
				INFOPLIST_KEY_UIApplicationSupportsIndirectInputEvents = YES;
				INFOPLIST_KEY_UILaunchScreen_Generation = YES;
				INFOPLIST_KEY_UISupportedInterfaceOrientations = UIInterfaceOrientationPortrait;
				INFOPLIST_KEY_UISupportedInterfaceOrientations_iPad = "UIInterfaceOrientationLandscapeLeft UIInterfaceOrientationLandscapeRight UIInterfaceOrientationPortrait UIInterfaceOrientationPortraitUpsideDown";
				IPHONEOS_DEPLOYMENT_TARGET = 14.0;
				LD_RUNPATH_SEARCH_PATHS = (
					"$(inherited)",
					"@executable_path/Frameworks",
				);
				MARKETING_VERSION = 1.0;
				PRODUCT_BUNDLE_IDENTIFIER = ua.in.svitlobot.SvitloBot;
				PRODUCT_NAME = "$(TARGET_NAME)";
				SUPPORTED_PLATFORMS = "iphoneos iphonesimulator";
				SUPPORTS_MACCATALYST = NO;
				SUPPORTS_MAC_DESIGNED_FOR_IPHONE_IPAD = NO;
				SUPPORTS_XR_DESIGNED_FOR_IPHONE_IPAD = NO;
				SWIFT_EMIT_LOC_STRINGS = YES;
				SWIFT_VERSION = 5.0;
				TARGETED_DEVICE_FAMILY = "1,2";
			};
			name = Debug;
		};
		3790E6B22C83649500B79923 /* Release */ = {
			isa = XCBuildConfiguration;
			buildSettings = {
				API_BASE_URL = "https://api.svitlobot.in.ua";
				ASSETCATALOG_COMPILER_APPICON_NAME = AppIcon;
				ASSETCATALOG_COMPILER_GLOBAL_ACCENT_COLOR_NAME = AccentColor;
				CODE_SIGN_STYLE = Automatic;
				CURRENT_PROJECT_VERSION = 1;
				DEVELOPMENT_ASSET_PATHS = "";
				DEVELOPMENT_TEAM = "";
				ENABLE_PREVIEWS = YES;
				GENERATE_INFOPLIST_FILE = YES;
				INFOPLIST_FILE = SvitloBot/Info.plist;
				INFOPLIST_KEY_CFBundleDisplayName = "СвітлоБот";
				INFOPLIST_KEY_LSApplicationCategoryType = "public.app-category.utilities";
				INFOPLIST_KEY_UIApplicationSceneManifest_Generation = YES;
				INFOPLIST_KEY_UIApplicationSupportsIndirectInputEvents = YES;
				INFOPLIST_KEY_UILaunchScreen_Generation = YES;
				INFOPLIST_KEY_UISupportedInterfaceOrientations = UIInterfaceOrientationPortrait;
				INFOPLIST_KEY_UISupportedInterfaceOrientations_iPad = "UIInterfaceOrientationLandscapeLeft UIInterfaceOrientationLandscapeRight UIInterfaceOrientationPortrait UIInterfaceOrientationPortraitUpsideDown";
				IPHONEOS_DEPLOYMENT_TARGET = 14.0;
				LD_RUNPATH_SEARCH_PATHS = (
					"$(inherited)",
					"@executable_path/Frameworks",
				);
				MARKETING_VERSION = 1.0;
				PRODUCT_BUNDLE_IDENTIFIER = ua.in.svitlobot.SvitloBot;
				PRODUCT_NAME = "$(TARGET_NAME)";
				SUPPORTED_PLATFORMS = "iphoneos iphonesimulator";
				SUPPORTS_MACCATALYST = NO;
				SUPPORTS_MAC_DESIGNED_FOR_IPHONE_IPAD = NO;
				SUPPORTS_XR_DESIGNED_FOR_IPHONE_IPAD = NO;
				SWIFT_EMIT_LOC_STRINGS = YES;
				SWIFT_VERSION = 5.0;
				TARGETED_DEVICE_FAMILY = "1,2";
			};
			name = Release;
		};
/* End XCBuildConfiguration section */

/* Begin XCConfigurationList section */
		3790E6982C83649200B79923 /* Build configuration list for PBXProject "SvitloBot" */ = {
			isa = XCConfigurationList;
			buildConfigurations = (
				3790E6AE2C83649500B79923 /* Debug */,
				3790E6AF2C83649500B79923 /* Release */,
			);
			defaultConfigurationIsVisible = 0;
			defaultConfigurationName = Release;
		};
		3790E6B02C83649500B79923 /* Build configuration list for PBXNativeTarget "SvitloBot" */ = {
			isa = XCConfigurationList;
			buildConfigurations = (
				3790E6B12C83649500B79923 /* Debug */,
				3790E6B22C83649500B79923 /* Release */,
			);
			defaultConfigurationIsVisible = 0;
			defaultConfigurationName = Release;
		};
/* End XCConfigurationList section */

/* Begin XCVersionGroup section */
		3790E6AB2C83649500B79923 /* SvitloBot.xcdatamodeld */ = {
			isa = XCVersionGroup;
			children = (
				3790E6AC2C83649500B79923 /* SvitloBot.xcdatamodel */,
			);
			currentVersion = 3790E6AC2C83649500B79923 /* SvitloBot.xcdatamodel */;
			path = SvitloBot.xcdatamodeld;
			sourceTree = "<group>";
			versionGroupType = wrapper.xcdatamodel;
		};
/* End XCVersionGroup section */
	};
	rootObject = 3790E6952C83649200B79923 /* Project object */;
}
